
Microsoft Visual Studio Solution File, Format Version 12.00
# Visual Studio Version 17
VisualStudioVersion = 17.14.36518.9 d17.14
MinimumVisualStudioVersion = 10.0.40219.1
Project("{FAE04EC0-301F-11D3-BF4B-00C04F79EFBC}") = "Legacy", "Legacy\Legacy.csproj", "{91EC1A80-FDAB-4D5D-AD75-D1465BC0CD39}"
EndProject
Global
	GlobalSection(SolutionConfigurationPlatforms) = preSolution
		Debug|Any CPU = Debug|Any CPU
		Release|Any CPU = Release|Any CPU
	EndGlobalSection
	GlobalSection(ProjectConfigurationPlatforms) = postSolution
		{91EC1A80-FDAB-4D5D-AD75-D1465BC0CD39}.Debug|Any CPU.ActiveCfg = Debug|Any CPU
		{91EC1A80-FDAB-4D5D-AD75-D1465BC0CD39}.Debug|Any CPU.Build.0 = Debug|Any CPU
		{91EC1A80-FDAB-4D5D-AD75-D1465BC0CD39}.Release|Any CPU.ActiveCfg = Release|Any CPU
		{91EC1A80-FDAB-4D5D-AD75-D1465BC0CD39}.Release|Any CPU.Build.0 = Release|Any CPU
	EndGlobalSection
	GlobalSection(SolutionProperties) = preSolution
		HideSolutionNode = FALSE
	EndGlobalSection
	GlobalSection(ExtensibilityGlobals) = postSolution
		SolutionGuid = {5DB92E91-C605-41FD-9EB8-0726F5D3F843}
	EndGlobalSection
EndGlobal
