
Microsoft Visual Studio Solution File, Format Version 12.00
# Visual Studio Version 17
VisualStudioVersion = 17.14.36518.9
MinimumVisualStudioVersion = 10.0.40219.1
Project("{FAE04EC0-301F-11D3-BF4B-00C04F79EFBC}") = "Tests", "Tests\Tests.csproj", "{CEEDA82D-68FF-413F-8A4A-116CD99B95EC}"
EndProject
Project("{FAE04EC0-301F-11D3-BF4B-00C04F79EFBC}") = "Common", "Common\Common.csproj", "{83648005-C938-45C8-A65A-DBF98578E515}"
EndProject
Project("{FAE04EC0-301F-11D3-BF4B-00C04F79EFBC}") = "Core", "Core\Core.csproj", "{E8FB1F44-92A2-4F42-89A2-65A633DD6D1C}"
EndProject
Project("{FAE04EC0-301F-11D3-BF4B-00C04F79EFBC}") = "Data", "Data\Data.csproj", "{E7611E13-0510-4A0E-B28F-E7B10A3361CE}"
EndProject
Project("{FAE04EC0-301F-11D3-BF4B-00C04F79EFBC}") = "Application", "Application\Application.csproj", "{6B13E0FB-60F7-4722-8106-92B109136EA0}"
EndProject
Project("{FAE04EC0-301F-11D3-BF4B-00C04F79EFBC}") = "ExamStatusWorker", "ExamStatusWorker\ExamStatusWorker.csproj", "{8D3FF6E8-57C7-456F-B72A-25B16BB5466F}"
EndProject
Project("{FAE04EC0-301F-11D3-BF4B-00C04F79EFBC}") = "Legacy_System_UI", "Legacy_System_UI\Legacy_System_UI.csproj", "{C5014D3E-A6D7-4833-8DBA-CA560C8CF76A}"
EndProject
Global
	GlobalSection(SolutionConfigurationPlatforms) = preSolution
		Debug|Any CPU = Debug|Any CPU
		Release|Any CPU = Release|Any CPU
	EndGlobalSection
	GlobalSection(ProjectConfigurationPlatforms) = postSolution
		{CEEDA82D-68FF-413F-8A4A-116CD99B95EC}.Debug|Any CPU.ActiveCfg = Debug|Any CPU
		{CEEDA82D-68FF-413F-8A4A-116CD99B95EC}.Release|Any CPU.ActiveCfg = Release|Any CPU
		{CEEDA82D-68FF-413F-8A4A-116CD99B95EC}.Release|Any CPU.Build.0 = Release|Any CPU
		{83648005-C938-45C8-A65A-DBF98578E515}.Debug|Any CPU.ActiveCfg = Debug|Any CPU
		{83648005-C938-45C8-A65A-DBF98578E515}.Release|Any CPU.ActiveCfg = Release|Any CPU
		{83648005-C938-45C8-A65A-DBF98578E515}.Release|Any CPU.Build.0 = Release|Any CPU
		{E8FB1F44-92A2-4F42-89A2-65A633DD6D1C}.Debug|Any CPU.ActiveCfg = Debug|Any CPU
		{E8FB1F44-92A2-4F42-89A2-65A633DD6D1C}.Release|Any CPU.ActiveCfg = Release|Any CPU
		{E8FB1F44-92A2-4F42-89A2-65A633DD6D1C}.Release|Any CPU.Build.0 = Release|Any CPU
		{E7611E13-0510-4A0E-B28F-E7B10A3361CE}.Debug|Any CPU.ActiveCfg = Debug|Any CPU
		{E7611E13-0510-4A0E-B28F-E7B10A3361CE}.Release|Any CPU.ActiveCfg = Release|Any CPU
		{E7611E13-0510-4A0E-B28F-E7B10A3361CE}.Release|Any CPU.Build.0 = Release|Any CPU
		{6B13E0FB-60F7-4722-8106-92B109136EA0}.Debug|Any CPU.ActiveCfg = Debug|Any CPU
		{6B13E0FB-60F7-4722-8106-92B109136EA0}.Release|Any CPU.ActiveCfg = Release|Any CPU
		{6B13E0FB-60F7-4722-8106-92B109136EA0}.Release|Any CPU.Build.0 = Release|Any CPU
		{8D3FF6E8-57C7-456F-B72A-25B16BB5466F}.Debug|Any CPU.ActiveCfg = Debug|Any CPU
		{8D3FF6E8-57C7-456F-B72A-25B16BB5466F}.Release|Any CPU.ActiveCfg = Release|Any CPU
		{8D3FF6E8-57C7-456F-B72A-25B16BB5466F}.Release|Any CPU.Build.0 = Release|Any CPU
		{C5014D3E-A6D7-4833-8DBA-CA560C8CF76A}.Debug|Any CPU.ActiveCfg = Debug|Any CPU
		{C5014D3E-A6D7-4833-8DBA-CA560C8CF76A}.Debug|Any CPU.Build.0 = Debug|Any CPU
		{C5014D3E-A6D7-4833-8DBA-CA560C8CF76A}.Release|Any CPU.ActiveCfg = Release|Any CPU
		{C5014D3E-A6D7-4833-8DBA-CA560C8CF76A}.Release|Any CPU.Build.0 = Release|Any CPU
	EndGlobalSection
	GlobalSection(SolutionProperties) = preSolution
		HideSolutionNode = FALSE
	EndGlobalSection
	GlobalSection(ExtensibilityGlobals) = postSolution
		SolutionGuid = {7A88D94E-4973-4994-9783-39080EC53D32}
	EndGlobalSection
EndGlobal
